
Microsoft Visual Studio Solution File, Format Version 12.00
# Visual Studio Version 17
VisualStudioVersion = 17.6.33829.357
MinimumVisualStudioVersion = 10.0.40219.1
Project("{FAE04EC0-301F-11D3-BF4B-00C04F79EFBC}") = "SmartPro_32[10-08-23]", "SmartPro_32[10-08-23]\SmartPro_32[10-08-23].csproj", "{843ADFBD-8B06-4271-8ED5-08933896C6AB}"
EndProject
Global
	GlobalSection(SolutionConfigurationPlatforms) = preSolution
		Debug|Any CPU = Debug|Any CPU
		Release|Any CPU = Release|Any CPU
	EndGlobalSection
	GlobalSection(ProjectConfigurationPlatforms) = postSolution
		{843ADFBD-8B06-4271-8ED5-08933896C6AB}.Debug|Any CPU.ActiveCfg = Debug|Any CPU
		{843ADFBD-8B06-4271-8ED5-08933896C6AB}.Debug|Any CPU.Build.0 = Debug|Any CPU
		{843ADFBD-8B06-4271-8ED5-08933896C6AB}.Release|Any CPU.ActiveCfg = Release|Any CPU
		{843ADFBD-8B06-4271-8ED5-08933896C6AB}.Release|Any CPU.Build.0 = Release|Any CPU
	EndGlobalSection
	GlobalSection(SolutionProperties) = preSolution
		HideSolutionNode = FALSE
	EndGlobalSection
	GlobalSection(ExtensibilityGlobals) = postSolution
		SolutionGuid = {30969448-C7D5-46D6-980E-79CB3963C1D8}
	EndGlobalSection
EndGlobal
